<?xml version="1.0" encoding="utf-8"?>
<Project ToolsVersion="16.0" xmlns="http://schemas.microsoft.com/developer/msbuild/2003">
  <ItemGroup>
    <ClCompile Include="C:\git\techsmith-cineform-sdk\Codec\DemoasicFrames.cpp">
      <Filter>Source Files</Filter>
    </ClCompile>
    <ClCompile Include="C:\git\techsmith-cineform-sdk\Codec\InvertHorizontalStrip16s.c">
      <Filter>Source Files</Filter>
    </ClCompile>
    <ClCompile Include="C:\git\techsmith-cineform-sdk\Codec\RGB2YUV.c">
      <Filter>Source Files</Filter>
    </ClCompile>
    <ClCompile Include="C:\git\techsmith-cineform-sdk\Codec\allocator.c">
      <Filter>Source Files</Filter>
    </ClCompile>
    <ClCompile Include="C:\git\techsmith-cineform-sdk\Codec\bandfile.c">
      <Filter>Source Files</Filter>
    </ClCompile>
    <ClCompile Include="C:\git\techsmith-cineform-sdk\Codec\bayer.c">
      <Filter>Source Files</Filter>
    </ClCompile>
    <ClCompile Include="C:\git\techsmith-cineform-sdk\Codec\bitstream.c">
      <Filter>Source Files</Filter>
    </ClCompile>
    <ClCompile Include="C:\git\techsmith-cineform-sdk\Codec\buffer.c">
      <Filter>Source Files</Filter>
    </ClCompile>
    <ClCompile Include="C:\git\techsmith-cineform-sdk\Codec\codebooks.c">
      <Filter>Source Files</Filter>
    </ClCompile>
    <ClCompile Include="C:\git\techsmith-cineform-sdk\Codec\codec.c">
      <Filter>Source Files</Filter>
    </ClCompile>
    <ClCompile Include="C:\git\techsmith-cineform-sdk\Codec\convert.c">
      <Filter>Source Files</Filter>
    </ClCompile>
    <ClCompile Include="C:\git\techsmith-cineform-sdk\Codec\cpuid.c">
      <Filter>Source Files</Filter>
    </ClCompile>
    <ClCompile Include="C:\git\techsmith-cineform-sdk\Codec\debug.c">
      <Filter>Source Files</Filter>
    </ClCompile>
    <ClCompile Include="C:\git\techsmith-cineform-sdk\Codec\decoder.c">
      <Filter>Source Files</Filter>
    </ClCompile>
    <ClCompile Include="C:\git\techsmith-cineform-sdk\Codec\dither.c">
      <Filter>Source Files</Filter>
    </ClCompile>
    <ClCompile Include="C:\git\techsmith-cineform-sdk\Codec\draw.c">
      <Filter>Source Files</Filter>
    </ClCompile>
    <ClCompile Include="C:\git\techsmith-cineform-sdk\Codec\dump.c">
      <Filter>Source Files</Filter>
    </ClCompile>
    <ClCompile Include="C:\git\techsmith-cineform-sdk\Codec\encoder.c">
      <Filter>Source Files</Filter>
    </ClCompile>
    <ClCompile Include="C:\git\techsmith-cineform-sdk\Codec\entropy_threading.c">
      <Filter>Source Files</Filter>
    </ClCompile>
    <ClCompile Include="C:\git\techsmith-cineform-sdk\Codec\exception.cpp">
      <Filter>Source Files</Filter>
    </ClCompile>
    <ClCompile Include="C:\git\techsmith-cineform-sdk\Codec\filter.c">
      <Filter>Source Files</Filter>
    </ClCompile>
    <ClCompile Include="C:\git\techsmith-cineform-sdk\Codec\frame.c">
      <Filter>Source Files</Filter>
    </ClCompile>
    <ClCompile Include="C:\git\techsmith-cineform-sdk\Codec\image.c">
      <Filter>Source Files</Filter>
    </ClCompile>
    <ClCompile Include="C:\git\techsmith-cineform-sdk\Codec\keyframes.c">
      <Filter>Source Files</Filter>
    </ClCompile>
    <ClCompile Include="C:\git\techsmith-cineform-sdk\Codec\lutpath.cpp">
      <Filter>Source Files</Filter>
    </ClCompile>
    <ClCompile Include="C:\git\techsmith-cineform-sdk\Codec\metadata.c">
      <Filter>Source Files</Filter>
    </ClCompile>
    <ClCompile Include="C:\git\techsmith-cineform-sdk\Codec\quantize.c">
      <Filter>Source Files</Filter>
    </ClCompile>
    <ClCompile Include="C:\git\techsmith-cineform-sdk\Codec\recursive.c">
      <Filter>Source Files</Filter>
    </ClCompile>
    <ClCompile Include="C:\git\techsmith-cineform-sdk\Codec\scanner.c">
      <Filter>Source Files</Filter>
    </ClCompile>
    <ClCompile Include="C:\git\techsmith-cineform-sdk\Codec\spatial.c">
      <Filter>Source Files</Filter>
    </ClCompile>
    <ClCompile Include="C:\git\techsmith-cineform-sdk\Codec\stats.c">
      <Filter>Source Files</Filter>
    </ClCompile>
    <ClCompile Include="C:\git\techsmith-cineform-sdk\Codec\swap.c">
      <Filter>Source Files</Filter>
    </ClCompile>
    <ClCompile Include="C:\git\techsmith-cineform-sdk\Codec\temporal.c">
      <Filter>Source Files</Filter>
    </ClCompile>
    <ClCompile Include="C:\git\techsmith-cineform-sdk\Codec\thread.c">
      <Filter>Source Files</Filter>
    </ClCompile>
    <ClCompile Include="C:\git\techsmith-cineform-sdk\Codec\thumbnail.c">
      <Filter>Source Files</Filter>
    </ClCompile>
    <ClCompile Include="C:\git\techsmith-cineform-sdk\Codec\timing.c">
      <Filter>Source Files</Filter>
    </ClCompile>
    <ClCompile Include="C:\git\techsmith-cineform-sdk\Codec\vlc.c">
      <Filter>Source Files</Filter>
    </ClCompile>
    <ClCompile Include="C:\git\techsmith-cineform-sdk\Codec\wavelet.c">
      <Filter>Source Files</Filter>
    </ClCompile>
    <ClCompile Include="C:\git\techsmith-cineform-sdk\WarpLib\GeoMesh.c">
      <Filter>Source Files</Filter>
    </ClCompile>
    <ClCompile Include="C:\git\techsmith-cineform-sdk\WarpLib\GeoMeshApply.c">
      <Filter>Source Files</Filter>
    </ClCompile>
    <ClCompile Include="C:\git\techsmith-cineform-sdk\WarpLib\GeoMeshCache.c">
      <Filter>Source Files</Filter>
    </ClCompile>
    <ClCompile Include="C:\git\techsmith-cineform-sdk\WarpLib\GeoMeshGoPro.c">
      <Filter>Source Files</Filter>
    </ClCompile>
    <ClCompile Include="C:\git\techsmith-cineform-sdk\WarpLib\GeoMeshInterp.c">
      <Filter>Source Files</Filter>
    </ClCompile>
    <ClCompile Include="C:\git\techsmith-cineform-sdk\WarpLib\GeoMeshTransform.c">
      <Filter>Source Files</Filter>
    </ClCompile>
    <ClCompile Include="C:\git\techsmith-cineform-sdk\WarpLib\GeoMeshYuy2.c">
      <Filter>Source Files</Filter>
    </ClCompile>
    <ClCompile Include="C:\git\techsmith-cineform-sdk\EncoderSDK\AsyncEncoder.cpp">
      <Filter>Source Files</Filter>
    </ClCompile>
    <ClCompile Include="C:\git\techsmith-cineform-sdk\EncoderSDK\CFHDEncoder.cpp">
      <Filter>Source Files</Filter>
    </ClCompile>
    <ClCompile Include="C:\git\techsmith-cineform-sdk\EncoderSDK\CFHDEncoderMetadata.cpp">
      <Filter>Source Files</Filter>
    </ClCompile>
    <ClCompile Include="C:\git\techsmith-cineform-sdk\EncoderSDK\CFHDEncoderPool.cpp">
      <Filter>Source Files</Filter>
    </ClCompile>
    <ClCompile Include="C:\git\techsmith-cineform-sdk\EncoderSDK\EncoderPool.cpp">
      <Filter>Source Files</Filter>
    </ClCompile>
    <ClCompile Include="C:\git\techsmith-cineform-sdk\EncoderSDK\EncoderQueue.cpp">
      <Filter>Source Files</Filter>
    </ClCompile>
    <ClCompile Include="C:\git\techsmith-cineform-sdk\EncoderSDK\MetadataWriter.cpp">
      <Filter>Source Files</Filter>
    </ClCompile>
    <ClCompile Include="C:\git\techsmith-cineform-sdk\EncoderSDK\SampleEncoder.cpp">
      <Filter>Source Files</Filter>
    </ClCompile>
    <ClCompile Include="C:\git\techsmith-cineform-sdk\EncoderSDK\VideoBuffers.cpp">
      <Filter>Source Files</Filter>
    </ClCompile>
    <ClCompile Include="C:\git\techsmith-cineform-sdk\ConvertLib\Bilinear.cpp">
      <Filter>Source Files</Filter>
    </ClCompile>
    <ClCompile Include="C:\git\techsmith-cineform-sdk\ConvertLib\ColorMatrix.cpp">
      <Filter>Source Files</Filter>
    </ClCompile>
    <ClCompile Include="C:\git\techsmith-cineform-sdk\ConvertLib\ConvertYUV8.cpp">
      <Filter>Source Files</Filter>
    </ClCompile>
    <ClCompile Include="C:\git\techsmith-cineform-sdk\ConvertLib\DPXConverter.cpp">
      <Filter>Source Files</Filter>
    </ClCompile>
    <ClCompile Include="C:\git\techsmith-cineform-sdk\ConvertLib\ImageConverter.cpp">
      <Filter>Source Files</Filter>
    </ClCompile>
    <ClCompile Include="C:\git\techsmith-cineform-sdk\ConvertLib\ImageScaler.cpp">
      <Filter>Source Files</Filter>
    </ClCompile>
    <ClCompile Include="C:\git\techsmith-cineform-sdk\ConvertLib\MemAlloc.cpp">
      <Filter>Source Files</Filter>
    </ClCompile>
    <ClCompile Include="C:\git\techsmith-cineform-sdk\DecoderSDK\CFHDDecoder.cpp">
      <Filter>Source Files</Filter>
    </ClCompile>
    <ClCompile Include="C:\git\techsmith-cineform-sdk\DecoderSDK\CFHDMetadata.cpp">
      <Filter>Source Files</Filter>
    </ClCompile>
    <ClCompile Include="C:\git\techsmith-cineform-sdk\DecoderSDK\Conversion.cpp">
      <Filter>Source Files</Filter>
    </ClCompile>
    <ClCompile Include="C:\git\techsmith-cineform-sdk\DecoderSDK\ISampleDecoder.cpp">
      <Filter>Source Files</Filter>
    </ClCompile>
    <ClCompile Include="C:\git\techsmith-cineform-sdk\DecoderSDK\SampleDecoder.cpp">
      <Filter>Source Files</Filter>
    </ClCompile>
    <ClCompile Include="C:\git\techsmith-cineform-sdk\DecoderSDK\SampleMetadata.cpp">
      <Filter>Source Files</Filter>
    </ClCompile>
  </ItemGroup>
  <ItemGroup>
    <ClInclude Include="C:\git\techsmith-cineform-sdk\Codec\DemoasicFrames.h">
      <Filter>Header Files</Filter>
    </ClInclude>
    <ClInclude Include="C:\git\techsmith-cineform-sdk\Codec\RGB2YUV.h">
      <Filter>Header Files</Filter>
    </ClInclude>
    <ClInclude Include="C:\git\techsmith-cineform-sdk\Codec\allocator.h">
      <Filter>Header Files</Filter>
    </ClInclude>
    <ClInclude Include="C:\git\techsmith-cineform-sdk\Codec\bandfile.h">
      <Filter>Header Files</Filter>
    </ClInclude>
    <ClInclude Include="C:\git\techsmith-cineform-sdk\Codec\bayer.h">
      <Filter>Header Files</Filter>
    </ClInclude>
    <ClInclude Include="C:\git\techsmith-cineform-sdk\Codec\bitstream.h">
      <Filter>Header Files</Filter>
    </ClInclude>
    <ClInclude Include="C:\git\techsmith-cineform-sdk\Codec\buffer.h">
      <Filter>Header Files</Filter>
    </ClInclude>
    <ClInclude Include="C:\git\techsmith-cineform-sdk\Codec\codebooks.h">
      <Filter>Header Files</Filter>
    </ClInclude>
    <ClInclude Include="C:\git\techsmith-cineform-sdk\Codec\codec.h">
      <Filter>Header Files</Filter>
    </ClInclude>
    <ClInclude Include="C:\git\techsmith-cineform-sdk\Codec\color.h">
      <Filter>Header Files</Filter>
    </ClInclude>
    <ClInclude Include="C:\git\techsmith-cineform-sdk\Codec\config.h">
      <Filter>Header Files</Filter>
    </ClInclude>
    <ClInclude Include="C:\git\techsmith-cineform-sdk\Codec\convert.h">
      <Filter>Header Files</Filter>
    </ClInclude>
    <ClInclude Include="C:\git\techsmith-cineform-sdk\Codec\counter.h">
      <Filter>Header Files</Filter>
    </ClInclude>
    <ClInclude Include="C:\git\techsmith-cineform-sdk\Codec\cpuid.h">
      <Filter>Header Files</Filter>
    </ClInclude>
    <ClInclude Include="C:\git\techsmith-cineform-sdk\Codec\debug.h">
      <Filter>Header Files</Filter>
    </ClInclude>
    <ClInclude Include="C:\git\techsmith-cineform-sdk\Codec\decoder.h">
      <Filter>Header Files</Filter>
    </ClInclude>
    <ClInclude Include="C:\git\techsmith-cineform-sdk\Codec\dither.h">
      <Filter>Header Files</Filter>
    </ClInclude>
    <ClInclude Include="C:\git\techsmith-cineform-sdk\Codec\draw.h">
      <Filter>Header Files</Filter>
    </ClInclude>
    <ClInclude Include="C:\git\techsmith-cineform-sdk\Codec\dump.h">
      <Filter>Header Files</Filter>
    </ClInclude>
    <ClInclude Include="C:\git\techsmith-cineform-sdk\Codec\encoder.h">
      <Filter>Header Files</Filter>
    </ClInclude>
    <ClInclude Include="C:\git\techsmith-cineform-sdk\Codec\error.h">
      <Filter>Header Files</Filter>
    </ClInclude>
    <ClInclude Include="C:\git\techsmith-cineform-sdk\Codec\exception.h">
      <Filter>Header Files</Filter>
    </ClInclude>
    <ClInclude Include="C:\git\techsmith-cineform-sdk\Codec\filter.h">
      <Filter>Header Files</Filter>
    </ClInclude>
    <ClInclude Include="C:\git\techsmith-cineform-sdk\Codec\frame.h">
      <Filter>Header Files</Filter>
    </ClInclude>
    <ClInclude Include="C:\git\techsmith-cineform-sdk\Codec\image.h">
      <Filter>Header Files</Filter>
    </ClInclude>
    <ClInclude Include="C:\git\techsmith-cineform-sdk\Codec\keyframes.h">
      <Filter>Header Files</Filter>
    </ClInclude>
    <ClInclude Include="C:\git\techsmith-cineform-sdk\Codec\lutpath.h">
      <Filter>Header Files</Filter>
    </ClInclude>
    <ClInclude Include="C:\git\techsmith-cineform-sdk\Codec\metadata.h">
      <Filter>Header Files</Filter>
    </ClInclude>
    <ClInclude Include="C:\git\techsmith-cineform-sdk\Codec\quantize.h">
      <Filter>Header Files</Filter>
    </ClInclude>
    <ClInclude Include="C:\git\techsmith-cineform-sdk\Codec\recursive.h">
      <Filter>Header Files</Filter>
    </ClInclude>
    <ClInclude Include="C:\git\techsmith-cineform-sdk\Codec\scanner.h">
      <Filter>Header Files</Filter>
    </ClInclude>
    <ClInclude Include="C:\git\techsmith-cineform-sdk\Codec\spatial.h">
      <Filter>Header Files</Filter>
    </ClInclude>
    <ClInclude Include="C:\git\techsmith-cineform-sdk\Codec\stats.h">
      <Filter>Header Files</Filter>
    </ClInclude>
    <ClInclude Include="C:\git\techsmith-cineform-sdk\Codec\stdafx.h">
      <Filter>Header Files</Filter>
    </ClInclude>
    <ClInclude Include="C:\git\techsmith-cineform-sdk\Codec\swap.h">
      <Filter>Header Files</Filter>
    </ClInclude>
    <ClInclude Include="C:\git\techsmith-cineform-sdk\Codec\temporal.h">
      <Filter>Header Files</Filter>
    </ClInclude>
    <ClInclude Include="C:\git\techsmith-cineform-sdk\Codec\thread.h">
      <Filter>Header Files</Filter>
    </ClInclude>
    <ClInclude Include="C:\git\techsmith-cineform-sdk\Codec\thumbnail.h">
      <Filter>Header Files</Filter>
    </ClInclude>
    <ClInclude Include="C:\git\techsmith-cineform-sdk\Codec\timing.h">
      <Filter>Header Files</Filter>
    </ClInclude>
    <ClInclude Include="C:\git\techsmith-cineform-sdk\Codec\vlc.h">
      <Filter>Header Files</Filter>
    </ClInclude>
    <ClInclude Include="C:\git\techsmith-cineform-sdk\Codec\wavelet.h">
      <Filter>Header Files</Filter>
    </ClInclude>
    <ClInclude Include="C:\git\techsmith-cineform-sdk\WarpLib\GeoMesh.h">
      <Filter>Header Files</Filter>
    </ClInclude>
    <ClInclude Include="C:\git\techsmith-cineform-sdk\WarpLib\GeoMeshApply.h">
      <Filter>Header Files</Filter>
    </ClInclude>
    <ClInclude Include="C:\git\techsmith-cineform-sdk\WarpLib\GeoMeshInterp.h">
      <Filter>Header Files</Filter>
    </ClInclude>
    <ClInclude Include="C:\git\techsmith-cineform-sdk\WarpLib\GeoMeshIpl.h">
      <Filter>Header Files</Filter>
    </ClInclude>
    <ClInclude Include="C:\git\techsmith-cineform-sdk\WarpLib\GeoMeshPrivate.h">
      <Filter>Header Files</Filter>
    </ClInclude>
    <ClInclude Include="C:\git\techsmith-cineform-sdk\WarpLib\GeoMeshYuy2.h">
      <Filter>Header Files</Filter>
    </ClInclude>
    <ClInclude Include="C:\git\techsmith-cineform-sdk\WarpLib\WarpLib.h">
      <Filter>Header Files</Filter>
    </ClInclude>
    <ClInclude Include="C:\git\techsmith-cineform-sdk\WarpLib\sse_types.h">
      <Filter>Header Files</Filter>
    </ClInclude>
    <ClInclude Include="C:\git\techsmith-cineform-sdk\Common\AVIExtendedHeader.h">
      <Filter>Header Files</Filter>
    </ClInclude>
    <ClInclude Include="C:\git\techsmith-cineform-sdk\Common\CFHDAllocator.h">
      <Filter>Header Files</Filter>
    </ClInclude>
    <ClInclude Include="C:\git\techsmith-cineform-sdk\Common\CFHDDecoder.h">
      <Filter>Header Files</Filter>
    </ClInclude>
    <ClInclude Include="C:\git\techsmith-cineform-sdk\Common\CFHDEncoder.h">
      <Filter>Header Files</Filter>
    </ClInclude>
    <ClInclude Include="C:\git\techsmith-cineform-sdk\Common\CFHDError.h">
      <Filter>Header Files</Filter>
    </ClInclude>
    <ClInclude Include="C:\git\techsmith-cineform-sdk\Common\CFHDMetadata.h">
      <Filter>Header Files</Filter>
    </ClInclude>
    <ClInclude Include="C:\git\techsmith-cineform-sdk\Common\CFHDMetadataTags.h">
      <Filter>Header Files</Filter>
    </ClInclude>
    <ClInclude Include="C:\git\techsmith-cineform-sdk\Common\CFHDSampleHeader.h">
      <Filter>Header Files</Filter>
    </ClInclude>
    <ClInclude Include="C:\git\techsmith-cineform-sdk\Common\CFHDTypes.h">
      <Filter>Header Files</Filter>
    </ClInclude>
    <ClInclude Include="C:\git\techsmith-cineform-sdk\Common\Condition.h">
      <Filter>Header Files</Filter>
    </ClInclude>
    <ClInclude Include="C:\git\techsmith-cineform-sdk\Common\IAllocator.h">
      <Filter>Header Files</Filter>
    </ClInclude>
    <ClInclude Include="C:\git\techsmith-cineform-sdk\Common\Lock.h">
      <Filter>Header Files</Filter>
    </ClInclude>
    <ClInclude Include="C:\git\techsmith-cineform-sdk\Common\MessageQueue.h">
      <Filter>Header Files</Filter>
    </ClInclude>
    <ClInclude Include="C:\git\techsmith-cineform-sdk\Common\SampleMetadata.h">
      <Filter>Header Files</Filter>
    </ClInclude>
    <ClInclude Include="C:\git\techsmith-cineform-sdk\Common\StdAfx.h">
      <Filter>Header Files</Filter>
    </ClInclude>
    <ClInclude Include="C:\git\techsmith-cineform-sdk\Common\ThreadMessage.h">
      <Filter>Header Files</Filter>
    </ClInclude>
    <ClInclude Include="C:\git\techsmith-cineform-sdk\Common\ThreadPool.h">
      <Filter>Header Files</Filter>
    </ClInclude>
    <ClInclude Include="C:\git\techsmith-cineform-sdk\Common\macdefs.h">
      <Filter>Header Files</Filter>
    </ClInclude>
    <ClInclude Include="C:\git\techsmith-cineform-sdk\Common\ver.h">
      <Filter>Header Files</Filter>
    </ClInclude>
    <ClInclude Include="C:\git\techsmith-cineform-sdk\ConvertLib\Bilinear.h">
      <Filter>Header Files</Filter>
    </ClInclude>
    <ClInclude Include="C:\git\techsmith-cineform-sdk\ConvertLib\ColorFlags.h">
      <Filter>Header Files</Filter>
    </ClInclude>
    <ClInclude Include="C:\git\techsmith-cineform-sdk\ConvertLib\ColorMatrix.h">
      <Filter>Header Files</Filter>
    </ClInclude>
    <ClInclude Include="C:\git\techsmith-cineform-sdk\ConvertLib\ConvertLib.h">
      <Filter>Header Files</Filter>
    </ClInclude>
    <ClInclude Include="C:\git\techsmith-cineform-sdk\ConvertLib\ConvertYUV8.h">
      <Filter>Header Files</Filter>
    </ClInclude>
    <ClInclude Include="C:\git\techsmith-cineform-sdk\ConvertLib\DPXConverter.h">
      <Filter>Header Files</Filter>
    </ClInclude>
    <ClInclude Include="C:\git\techsmith-cineform-sdk\ConvertLib\ImageConverter.h">
      <Filter>Header Files</Filter>
    </ClInclude>
    <ClInclude Include="C:\git\techsmith-cineform-sdk\ConvertLib\ImageScaler.h">
      <Filter>Header Files</Filter>
    </ClInclude>
    <ClInclude Include="C:\git\techsmith-cineform-sdk\ConvertLib\MemAlloc.h">
      <Filter>Header Files</Filter>
    </ClInclude>
    <ClInclude Include="C:\git\techsmith-cineform-sdk\ConvertLib\StdAfx.h">
      <Filter>Header Files</Filter>
    </ClInclude>
  </ItemGroup>
  <ItemGroup>
    <CustomBuild Include="C:\git\techsmith-cineform-sdk\CMakeLists.txt" />
  </ItemGroup>
  <ItemGroup>
    <Filter Include="Header Files">
      <UniqueIdentifier>{ABE76638-0BFF-338A-A232-2AF20081D5B6}</UniqueIdentifier>
    </Filter>
    <Filter Include="Source Files">
      <UniqueIdentifier>{F3659EED-4144-3C5E-B6DB-84B7670B4DBB}</UniqueIdentifier>
    </Filter>
  </ItemGroup>
</Project>
